
Microsoft Visual Studio Solution File, Format Version 12.00
# Visual Studio Version 17
VisualStudioVersion = 17.5.002.0
MinimumVisualStudioVersion = 10.0.40219.1
Project("{9A19103F-16F7-4668-BE54-9A1E7A4F7556}") = "azurefiles-actions-aks", "azurefiles-actions-aks.csproj", "{73AFD1D8-66C5-4A18-A40E-45A8747DB339}"
EndProject
Global
	GlobalSection(SolutionConfigurationPlatforms) = preSolution
		Debug|Any CPU = Debug|Any CPU
		Release|Any CPU = Release|Any CPU
	EndGlobalSection
	GlobalSection(ProjectConfigurationPlatforms) = postSolution
		{73AFD1D8-66C5-4A18-A40E-45A8747DB339}.Debug|Any CPU.ActiveCfg = Debug|Any CPU
		{73AFD1D8-66C5-4A18-A40E-45A8747DB339}.Debug|Any CPU.Build.0 = Debug|Any CPU
		{73AFD1D8-66C5-4A18-A40E-45A8747DB339}.Release|Any CPU.ActiveCfg = Release|Any CPU
		{73AFD1D8-66C5-4A18-A40E-45A8747DB339}.Release|Any CPU.Build.0 = Release|Any CPU
	EndGlobalSection
	GlobalSection(SolutionProperties) = preSolution
		HideSolutionNode = FALSE
	EndGlobalSection
	GlobalSection(ExtensibilityGlobals) = postSolution
		SolutionGuid = {CB110F03-DBB5-4FC2-9BCF-33CB9C9063E3}
	EndGlobalSection
EndGlobal
