
Microsoft Visual Studio Solution File, Format Version 12.00
# Visual Studio Version 17
VisualStudioVersion = 17.12.35707.178
MinimumVisualStudioVersion = 10.0.40219.1
Project("{FAE04EC0-301F-11D3-BF4B-00C04F79EFBC}") = "CustomFileDownloader", "CustomFileDownloader\CustomFileDownloader.csproj", "{F7C5B0C2-051E-467E-9A72-276D248B4B7D}"
EndProject
Global
	GlobalSection(SolutionConfigurationPlatforms) = preSolution
		Debug|Any CPU = Debug|Any CPU
		Release|Any CPU = Release|Any CPU
	EndGlobalSection
	GlobalSection(ProjectConfigurationPlatforms) = postSolution
		{F7C5B0C2-051E-467E-9A72-276D248B4B7D}.Debug|Any CPU.ActiveCfg = Debug|Any CPU
		{F7C5B0C2-051E-467E-9A72-276D248B4B7D}.Debug|Any CPU.Build.0 = Debug|Any CPU
		{F7C5B0C2-051E-467E-9A72-276D248B4B7D}.Release|Any CPU.ActiveCfg = Release|Any CPU
		{F7C5B0C2-051E-467E-9A72-276D248B4B7D}.Release|Any CPU.Build.0 = Release|Any CPU
	EndGlobalSection
	GlobalSection(SolutionProperties) = preSolution
		HideSolutionNode = FALSE
	EndGlobalSection
EndGlobal
